
Microsoft Visual Studio Solution File, Format Version 12.00
# Visual Studio Version 17
VisualStudioVersion = 17.0.32014.148
MinimumVisualStudioVersion = 10.0.40219.1
Project("{FAE04EC0-301F-11D3-BF4B-00C04F79EFBC}") = "oops", "oops\oops.csproj", "{B5E4F704-224F-4039-AA2A-4CA90429D4A7}"
EndProject
Global
	GlobalSection(SolutionConfigurationPlatforms) = preSolution
		Debug|Any CPU = Debug|Any CPU
		Release|Any CPU = Release|Any CPU
	EndGlobalSection
	GlobalSection(ProjectConfigurationPlatforms) = postSolution
		{B5E4F704-224F-4039-AA2A-4CA90429D4A7}.Debug|Any CPU.ActiveCfg = Debug|Any CPU
		{B5E4F704-224F-4039-AA2A-4CA90429D4A7}.Debug|Any CPU.Build.0 = Debug|Any CPU
		{B5E4F704-224F-4039-AA2A-4CA90429D4A7}.Release|Any CPU.ActiveCfg = Release|Any CPU
		{B5E4F704-224F-4039-AA2A-4CA90429D4A7}.Release|Any CPU.Build.0 = Release|Any CPU
	EndGlobalSection
	GlobalSection(SolutionProperties) = preSolution
		HideSolutionNode = FALSE
	EndGlobalSection
	GlobalSection(ExtensibilityGlobals) = postSolution
		SolutionGuid = {9A3F3BB4-129C-4A61-8F14-F86F33480B12}
	EndGlobalSection
EndGlobal
